
Microsoft Visual Studio Solution File, Format Version 12.00
# Visual Studio Version 16
VisualStudioVersion = 16.0.30320.27
MinimumVisualStudioVersion = 10.0.40219.1
Project("{9A19103F-16F7-4668-BE54-9A1E7A4F7556}") = "SGClasses", "SGClasses.csproj", "{45FFA633-A7AF-49AA-B768-55D80534C949}"
EndProject
Project("{9A19103F-16F7-4668-BE54-9A1E7A4F7556}") = "SpaceGameTUI", "..\SpaceGameTUI\SpaceGameTUI.csproj", "{5DD133D7-61CA-473C-A6BD-C09FE866D0A4}"
EndProject
Project("{9A19103F-16F7-4668-BE54-9A1E7A4F7556}") = "SGClassesTests", "..\SGClassesTests\SGClassesTests.csproj", "{8C8B1E67-1253-47D5-A73B-D804B17161E0}"
EndProject
Project("{9A19103F-16F7-4668-BE54-9A1E7A4F7556}") = "CLRCLI", "..\CLRCLI\CLRCLI.csproj", "{1E712636-00B9-46E0-BE35-419B31F9FD57}"
EndProject
Global
	GlobalSection(SolutionConfigurationPlatforms) = preSolution
		Debug|Any CPU = Debug|Any CPU
		Release|Any CPU = Release|Any CPU
	EndGlobalSection
	GlobalSection(ProjectConfigurationPlatforms) = postSolution
		{45FFA633-A7AF-49AA-B768-55D80534C949}.Debug|Any CPU.ActiveCfg = Debug|Any CPU
		{45FFA633-A7AF-49AA-B768-55D80534C949}.Debug|Any CPU.Build.0 = Debug|Any CPU
		{45FFA633-A7AF-49AA-B768-55D80534C949}.Release|Any CPU.ActiveCfg = Release|Any CPU
		{45FFA633-A7AF-49AA-B768-55D80534C949}.Release|Any CPU.Build.0 = Release|Any CPU
		{5DD133D7-61CA-473C-A6BD-C09FE866D0A4}.Debug|Any CPU.ActiveCfg = Debug|Any CPU
		{5DD133D7-61CA-473C-A6BD-C09FE866D0A4}.Debug|Any CPU.Build.0 = Debug|Any CPU
		{5DD133D7-61CA-473C-A6BD-C09FE866D0A4}.Release|Any CPU.ActiveCfg = Release|Any CPU
		{5DD133D7-61CA-473C-A6BD-C09FE866D0A4}.Release|Any CPU.Build.0 = Release|Any CPU
		{8C8B1E67-1253-47D5-A73B-D804B17161E0}.Debug|Any CPU.ActiveCfg = Debug|Any CPU
		{8C8B1E67-1253-47D5-A73B-D804B17161E0}.Debug|Any CPU.Build.0 = Debug|Any CPU
		{8C8B1E67-1253-47D5-A73B-D804B17161E0}.Release|Any CPU.ActiveCfg = Release|Any CPU
		{8C8B1E67-1253-47D5-A73B-D804B17161E0}.Release|Any CPU.Build.0 = Release|Any CPU
		{1E712636-00B9-46E0-BE35-419B31F9FD57}.Debug|Any CPU.ActiveCfg = Debug|Any CPU
		{1E712636-00B9-46E0-BE35-419B31F9FD57}.Debug|Any CPU.Build.0 = Debug|Any CPU
		{1E712636-00B9-46E0-BE35-419B31F9FD57}.Release|Any CPU.ActiveCfg = Release|Any CPU
		{1E712636-00B9-46E0-BE35-419B31F9FD57}.Release|Any CPU.Build.0 = Release|Any CPU
	EndGlobalSection
	GlobalSection(SolutionProperties) = preSolution
		HideSolutionNode = FALSE
	EndGlobalSection
	GlobalSection(ExtensibilityGlobals) = postSolution
		SolutionGuid = {769F160C-E615-4342-9634-CAA31D3EE8BB}
	EndGlobalSection
EndGlobal
